
Microsoft Visual Studio Solution File, Format Version 12.00
# Visual Studio 15
VisualStudioVersion = 15.0.28010.2016
MinimumVisualStudioVersion = 10.0.40219.1
Project("{6EC3EE1D-3C4E-46DD-8F32-0CC8E7565705}") = "PriceTracker", "PriceTracker\PriceTracker.fsproj", "{BDD60AF7-2267-4616-B416-080B0B7B0C05}"
EndProject
Project("{6EC3EE1D-3C4E-46DD-8F32-0CC8E7565705}") = "PriceTracker.TestConsole", "PriceTracker.TestConsole\PriceTracker.TestConsole.fsproj", "{0F73ED9A-8346-4312-B1D2-61077188A79F}"
EndProject
Project("{6EC3EE1D-3C4E-46DD-8F32-0CC8E7565705}") = "PriceTracker.Tests", "PriceTracker.Tests\PriceTracker.Tests.fsproj", "{4C6C9E09-B608-4E9F-9876-06FCDF73E3F4}"
EndProject
Project("{F2A71F9B-5D33-465A-A702-920D77279786}") = "PriceTracker.Data", "PriceTracker.Data\PriceTracker.Data.fsproj", "{D4613E5A-F82C-4057-946B-7FCB7861BF37}"
EndProject
Global
	GlobalSection(SolutionConfigurationPlatforms) = preSolution
		Debug|Any CPU = Debug|Any CPU
		Release|Any CPU = Release|Any CPU
	EndGlobalSection
	GlobalSection(ProjectConfigurationPlatforms) = postSolution
		{BDD60AF7-2267-4616-B416-080B0B7B0C05}.Debug|Any CPU.ActiveCfg = Debug|Any CPU
		{BDD60AF7-2267-4616-B416-080B0B7B0C05}.Debug|Any CPU.Build.0 = Debug|Any CPU
		{BDD60AF7-2267-4616-B416-080B0B7B0C05}.Release|Any CPU.ActiveCfg = Release|Any CPU
		{BDD60AF7-2267-4616-B416-080B0B7B0C05}.Release|Any CPU.Build.0 = Release|Any CPU
		{0F73ED9A-8346-4312-B1D2-61077188A79F}.Debug|Any CPU.ActiveCfg = Debug|Any CPU
		{0F73ED9A-8346-4312-B1D2-61077188A79F}.Debug|Any CPU.Build.0 = Debug|Any CPU
		{0F73ED9A-8346-4312-B1D2-61077188A79F}.Release|Any CPU.ActiveCfg = Release|Any CPU
		{0F73ED9A-8346-4312-B1D2-61077188A79F}.Release|Any CPU.Build.0 = Release|Any CPU
		{4C6C9E09-B608-4E9F-9876-06FCDF73E3F4}.Debug|Any CPU.ActiveCfg = Debug|Any CPU
		{4C6C9E09-B608-4E9F-9876-06FCDF73E3F4}.Debug|Any CPU.Build.0 = Debug|Any CPU
		{4C6C9E09-B608-4E9F-9876-06FCDF73E3F4}.Release|Any CPU.ActiveCfg = Release|Any CPU
		{4C6C9E09-B608-4E9F-9876-06FCDF73E3F4}.Release|Any CPU.Build.0 = Release|Any CPU
		{D4613E5A-F82C-4057-946B-7FCB7861BF37}.Debug|Any CPU.ActiveCfg = Debug|Any CPU
		{D4613E5A-F82C-4057-946B-7FCB7861BF37}.Debug|Any CPU.Build.0 = Debug|Any CPU
		{D4613E5A-F82C-4057-946B-7FCB7861BF37}.Release|Any CPU.ActiveCfg = Release|Any CPU
		{D4613E5A-F82C-4057-946B-7FCB7861BF37}.Release|Any CPU.Build.0 = Release|Any CPU
	EndGlobalSection
	GlobalSection(SolutionProperties) = preSolution
		HideSolutionNode = FALSE
	EndGlobalSection
	GlobalSection(ExtensibilityGlobals) = postSolution
		SolutionGuid = {C7EEE88B-512E-4E28-BDEA-7D8B85164204}
	EndGlobalSection
EndGlobal
